{
  "name": "vighneshiyer",
  "lockfileVersion": 2,
  "requires": true,
  "packages": {
    "": {
      "dependencies": {
        "photoswipe": "^5.4.4",
        "utopia-core-scss": "1.3.0"
      }
    },
    "node_modules/photoswipe": {
      "version": "5.4.4",
      "resolved": "https://registry.npmjs.org/photoswipe/-/photoswipe-5.4.4.tgz",
      "integrity": "sha512-WNFHoKrkZNnvFFhbHL93WDkW3ifwVOXSW3w1UuZZelSmgXpIGiZSNlZJq37rR8YejqME2rHs9EhH9ZvlvFH2NA==",
      "license": "MIT",
      "engines": {
        "node": ">= 0.12.0"
      }
    },
    "node_modules/utopia-core-scss": {
      "version": "1.3.0",
      "resolved": "https://registry.npmjs.org/utopia-core-scss/-/utopia-core-scss-1.3.0.tgz",
      "integrity": "sha512-I0E9rOXthQHog3WY3Z8jjIj/owKyDIhmim1LS+ZnQPYEOZC+hzqJoiSLyW8i5OPzI/yoS4W7p1YmMBIZU9snAA==",
      "license": "ISC"
    }
  },
  "dependencies": {
    "photoswipe": {
      "version": "5.4.4",
      "resolved": "https://registry.npmjs.org/photoswipe/-/photoswipe-5.4.4.tgz",
      "integrity": "sha512-WNFHoKrkZNnvFFhbHL93WDkW3ifwVOXSW3w1UuZZelSmgXpIGiZSNlZJq37rR8YejqME2rHs9EhH9ZvlvFH2NA=="
    },
    "utopia-core-scss": {
      "version": "1.3.0",
      "resolved": "https://registry.npmjs.org/utopia-core-scss/-/utopia-core-scss-1.3.0.tgz",
      "integrity": "sha512-I0E9rOXthQHog3WY3Z8jjIj/owKyDIhmim1LS+ZnQPYEOZC+hzqJoiSLyW8i5OPzI/yoS4W7p1YmMBIZU9snAA=="
    }
  }
}
